
Microsoft Visual Studio Solution File, Format Version 12.00
# Visual Studio Version 17
VisualStudioVersion = 17.10.34928.147
MinimumVisualStudioVersion = 10.0.40219.1
Project("{FAE04EC0-301F-11D3-BF4B-00C04F79EFBC}") = "EasyFileOps", "EasyFileOps.csproj", "{8E6554DD-ED3E-4F32-BA18-3AB397B6FBFE}"
EndProject
Project("{FAE04EC0-301F-11D3-BF4B-00C04F79EFBC}") = "TestEasyFileOps", "..\TestEasyFileOps\TestEasyFileOps.csproj", "{B64780C7-B2DB-44D0-B191-15A37830C20A}"
EndProject
Global
	GlobalSection(SolutionConfigurationPlatforms) = preSolution
		Debug|Any CPU = Debug|Any CPU
		Release|Any CPU = Release|Any CPU
	EndGlobalSection
	GlobalSection(ProjectConfigurationPlatforms) = postSolution
		{8E6554DD-ED3E-4F32-BA18-3AB397B6FBFE}.Debug|Any CPU.ActiveCfg = Debug|Any CPU
		{8E6554DD-ED3E-4F32-BA18-3AB397B6FBFE}.Debug|Any CPU.Build.0 = Debug|Any CPU
		{8E6554DD-ED3E-4F32-BA18-3AB397B6FBFE}.Release|Any CPU.ActiveCfg = Release|Any CPU
		{8E6554DD-ED3E-4F32-BA18-3AB397B6FBFE}.Release|Any CPU.Build.0 = Release|Any CPU
		{B64780C7-B2DB-44D0-B191-15A37830C20A}.Debug|Any CPU.ActiveCfg = Debug|Any CPU
		{B64780C7-B2DB-44D0-B191-15A37830C20A}.Debug|Any CPU.Build.0 = Debug|Any CPU
		{B64780C7-B2DB-44D0-B191-15A37830C20A}.Release|Any CPU.ActiveCfg = Release|Any CPU
		{B64780C7-B2DB-44D0-B191-15A37830C20A}.Release|Any CPU.Build.0 = Release|Any CPU
	EndGlobalSection
	GlobalSection(SolutionProperties) = preSolution
		HideSolutionNode = FALSE
	EndGlobalSection
	GlobalSection(ExtensibilityGlobals) = postSolution
		SolutionGuid = {38D40B76-0699-4366-B2A6-566FA2641FA1}
	EndGlobalSection
EndGlobal
